
Microsoft Visual Studio Solution File, Format Version 12.00
# Visual Studio Version 17
VisualStudioVersion = 17.11.35312.102
MinimumVisualStudioVersion = 10.0.40219.1
Project("{9A19103F-16F7-4668-BE54-9A1E7A4F7556}") = "EquipmentManagementPlatform.API", "EquipmentManagementPlatform.API\EquipmentManagementPlatform.API.csproj", "{5BCB2060-ABC4-49DF-B312-9AEA404F8474}"
EndProject
Project("{9A19103F-16F7-4668-BE54-9A1E7A4F7556}") = "EquipmentManagementPlatform.Domain", "EquipmentManagementPlatform.Domain\EquipmentManagementPlatform.Domain.csproj", "{54FDFA85-4A39-41D5-970B-7B218A86C107}"
EndProject
Project("{9A19103F-16F7-4668-BE54-9A1E7A4F7556}") = "EquipmentManagementPlatform.Repository", "EquipmentManagementPlatform.Repository\EquipmentManagementPlatform.Repository.csproj", "{DB7A8B68-5E66-4FB2-BC6D-20EC88A6A97A}"
EndProject
Project("{9A19103F-16F7-4668-BE54-9A1E7A4F7556}") = "EquipmentManagementPlatform.DomainServices", "EquipmentManagementPlatform.DomainServices\EquipmentManagementPlatform.DomainServices.csproj", "{F65FBBE2-F103-4CC6-B9EF-2E9DFDADCADB}"
EndProject
Project("{9A19103F-16F7-4668-BE54-9A1E7A4F7556}") = "EquipmentManagementPlatform.Integration.Equipment", "EquipmentManagementPlatform.Integration.Equipment\EquipmentManagementPlatform.Integration.Equipment.csproj", "{B90875FA-62A9-49FF-8C20-33721410EFC4}"
EndProject
Project("{FAE04EC0-301F-11D3-BF4B-00C04F79EFBC}") = "EquipmentManagementPlatform.Test", "EquipmentManagementPlatform.Test\EquipmentManagementPlatform.Test.csproj", "{9D8DE9B6-E353-4BA2-A6FC-261E1E67384E}"
EndProject
Global
	GlobalSection(SolutionConfigurationPlatforms) = preSolution
		Debug|Any CPU = Debug|Any CPU
		Release|Any CPU = Release|Any CPU
	EndGlobalSection
	GlobalSection(ProjectConfigurationPlatforms) = postSolution
		{5BCB2060-ABC4-49DF-B312-9AEA404F8474}.Debug|Any CPU.ActiveCfg = Debug|Any CPU
		{5BCB2060-ABC4-49DF-B312-9AEA404F8474}.Debug|Any CPU.Build.0 = Debug|Any CPU
		{5BCB2060-ABC4-49DF-B312-9AEA404F8474}.Release|Any CPU.ActiveCfg = Release|Any CPU
		{5BCB2060-ABC4-49DF-B312-9AEA404F8474}.Release|Any CPU.Build.0 = Release|Any CPU
		{54FDFA85-4A39-41D5-970B-7B218A86C107}.Debug|Any CPU.ActiveCfg = Debug|Any CPU
		{54FDFA85-4A39-41D5-970B-7B218A86C107}.Debug|Any CPU.Build.0 = Debug|Any CPU
		{54FDFA85-4A39-41D5-970B-7B218A86C107}.Release|Any CPU.ActiveCfg = Release|Any CPU
		{54FDFA85-4A39-41D5-970B-7B218A86C107}.Release|Any CPU.Build.0 = Release|Any CPU
		{DB7A8B68-5E66-4FB2-BC6D-20EC88A6A97A}.Debug|Any CPU.ActiveCfg = Debug|Any CPU
		{DB7A8B68-5E66-4FB2-BC6D-20EC88A6A97A}.Debug|Any CPU.Build.0 = Debug|Any CPU
		{DB7A8B68-5E66-4FB2-BC6D-20EC88A6A97A}.Release|Any CPU.ActiveCfg = Release|Any CPU
		{DB7A8B68-5E66-4FB2-BC6D-20EC88A6A97A}.Release|Any CPU.Build.0 = Release|Any CPU
		{F65FBBE2-F103-4CC6-B9EF-2E9DFDADCADB}.Debug|Any CPU.ActiveCfg = Debug|Any CPU
		{F65FBBE2-F103-4CC6-B9EF-2E9DFDADCADB}.Debug|Any CPU.Build.0 = Debug|Any CPU
		{F65FBBE2-F103-4CC6-B9EF-2E9DFDADCADB}.Release|Any CPU.ActiveCfg = Release|Any CPU
		{F65FBBE2-F103-4CC6-B9EF-2E9DFDADCADB}.Release|Any CPU.Build.0 = Release|Any CPU
		{B90875FA-62A9-49FF-8C20-33721410EFC4}.Debug|Any CPU.ActiveCfg = Debug|Any CPU
		{B90875FA-62A9-49FF-8C20-33721410EFC4}.Debug|Any CPU.Build.0 = Debug|Any CPU
		{B90875FA-62A9-49FF-8C20-33721410EFC4}.Release|Any CPU.ActiveCfg = Release|Any CPU
		{B90875FA-62A9-49FF-8C20-33721410EFC4}.Release|Any CPU.Build.0 = Release|Any CPU
		{9D8DE9B6-E353-4BA2-A6FC-261E1E67384E}.Debug|Any CPU.ActiveCfg = Debug|Any CPU
		{9D8DE9B6-E353-4BA2-A6FC-261E1E67384E}.Debug|Any CPU.Build.0 = Debug|Any CPU
		{9D8DE9B6-E353-4BA2-A6FC-261E1E67384E}.Release|Any CPU.ActiveCfg = Release|Any CPU
		{9D8DE9B6-E353-4BA2-A6FC-261E1E67384E}.Release|Any CPU.Build.0 = Release|Any CPU
	EndGlobalSection
	GlobalSection(SolutionProperties) = preSolution
		HideSolutionNode = FALSE
	EndGlobalSection
	GlobalSection(ExtensibilityGlobals) = postSolution
		SolutionGuid = {B62F6228-0062-4AEE-8DB7-B92D7E9D13F9}
	EndGlobalSection
EndGlobal
